
Microsoft Visual Studio Solution File, Format Version 12.00
# Visual Studio Version 16
VisualStudioVersion = 16.0.30611.23
MinimumVisualStudioVersion = 10.0.40219.1
Project("{8BC9CEB8-8B4A-11D0-8D11-00A0C91BC942}") = "targil2", "targil2\targil2.vcxproj", "{0F15D979-9DD9-46D9-B813-285BE8DB7A71}"
EndProject
Global
	GlobalSection(SolutionConfigurationPlatforms) = preSolution
		Debug|x64 = Debug|x64
		Debug|x86 = Debug|x86
		Release|x64 = Release|x64
		Release|x86 = Release|x86
	EndGlobalSection
	GlobalSection(ProjectConfigurationPlatforms) = postSolution
		{0F15D979-9DD9-46D9-B813-285BE8DB7A71}.Debug|x64.ActiveCfg = Debug|x64
		{0F15D979-9DD9-46D9-B813-285BE8DB7A71}.Debug|x64.Build.0 = Debug|x64
		{0F15D979-9DD9-46D9-B813-285BE8DB7A71}.Debug|x86.ActiveCfg = Debug|Win32
		{0F15D979-9DD9-46D9-B813-285BE8DB7A71}.Debug|x86.Build.0 = Debug|Win32
		{0F15D979-9DD9-46D9-B813-285BE8DB7A71}.Release|x64.ActiveCfg = Release|x64
		{0F15D979-9DD9-46D9-B813-285BE8DB7A71}.Release|x64.Build.0 = Release|x64
		{0F15D979-9DD9-46D9-B813-285BE8DB7A71}.Release|x86.ActiveCfg = Release|Win32
		{0F15D979-9DD9-46D9-B813-285BE8DB7A71}.Release|x86.Build.0 = Release|Win32
	EndGlobalSection
	GlobalSection(SolutionProperties) = preSolution
		HideSolutionNode = FALSE
	EndGlobalSection
	GlobalSection(ExtensibilityGlobals) = postSolution
		SolutionGuid = {09C0DD1D-7DB8-4ECF-8C36-53460D6AC177}
	EndGlobalSection
EndGlobal
